
Microsoft Visual Studio Solution File, Format Version 12.00
# Visual Studio Version 17
VisualStudioVersion = 17.13.35931.197
MinimumVisualStudioVersion = 10.0.40219.1
Project("{FAE04EC0-301F-11D3-BF4B-00C04F79EFBC}") = "OpenFlowWebServer", "OpenFlowWebServer.csproj", "{99E188A7-0304-4855-9D1C-923C6AE4FDCF}"
	ProjectSection(ProjectDependencies) = postProject
		{2540A975-60CE-495B-8953-59E430954FDA} = {2540A975-60CE-495B-8953-59E430954FDA}
		{25A3A654-0987-2E76-FCD3-A2A196DEF001} = {25A3A654-0987-2E76-FCD3-A2A196DEF001}
		{38284BCA-E4E7-413A-B0FA-B026167F745F} = {38284BCA-E4E7-413A-B0FA-B026167F745F}
		{693BC67C-2119-4AC1-AEF1-603357450AAD} = {693BC67C-2119-4AC1-AEF1-603357450AAD}
		{72C035D5-A87E-4247-98DE-FC834B901D76} = {72C035D5-A87E-4247-98DE-FC834B901D76}
		{ADE65B2B-1891-4ECB-A18E-9BA5EECC3FC6} = {ADE65B2B-1891-4ECB-A18E-9BA5EECC3FC6}
	EndProjectSection
EndProject
Project("{FAE04EC0-301F-11D3-BF4B-00C04F79EFBC}") = "OpenFlowWebServer.Services", "..\OpenFlowWebServer.Services\OpenFlowWebServer.Services.csproj", "{123BED0F-305A-4E58-B02C-452AB555A593}"
EndProject
Project("{FAE04EC0-301F-11D3-BF4B-00C04F79EFBC}") = "OpenFlowWebServer.Repository", "..\OpenFlowWebServer.Repository\OpenFlowWebServer.Repository.csproj", "{72C035D5-A87E-4247-98DE-FC834B901D76}"
EndProject
Project("{FAE04EC0-301F-11D3-BF4B-00C04F79EFBC}") = "OpenFlowWebServer.Domain", "..\OpenFlowWebServer.Domain\OpenFlowWebServer.Domain.csproj", "{693BC67C-2119-4AC1-AEF1-603357450AAD}"
EndProject
Project("{FAE04EC0-301F-11D3-BF4B-00C04F79EFBC}") = "OpenFlowWebServer.Repository.Tests.Integration", "..\OpenFlowWebServer.Repository.Tests.Integration\OpenFlowWebServer.Repository.Tests.Integration.csproj", "{2540A975-60CE-495B-8953-59E430954FDA}"
EndProject
Project("{FAE04EC0-301F-11D3-BF4B-00C04F79EFBC}") = "OpenFlowWebServer.Domain.Tests.Unit", "..\OpenFlowWebServer.Domain.Tests.Unit\OpenFlowWebServer.Domain.Tests.Unit.csproj", "{25A3A654-0987-2E76-FCD3-A2A196DEF001}"
EndProject
Project("{FAE04EC0-301F-11D3-BF4B-00C04F79EFBC}") = "OpenFlowWebServer.Tests.Integration", "..\OpenFlowWebServer.Tests.Integration\OpenFlowWebServer.Tests.Integration.csproj", "{3CC29B44-2D31-D644-BBED-308F5AA987D1}"
	ProjectSection(ProjectDependencies) = postProject
		{123BED0F-305A-4E58-B02C-452AB555A593} = {123BED0F-305A-4E58-B02C-452AB555A593}
		{2540A975-60CE-495B-8953-59E430954FDA} = {2540A975-60CE-495B-8953-59E430954FDA}
		{25A3A654-0987-2E76-FCD3-A2A196DEF001} = {25A3A654-0987-2E76-FCD3-A2A196DEF001}
		{38284BCA-E4E7-413A-B0FA-B026167F745F} = {38284BCA-E4E7-413A-B0FA-B026167F745F}
		{693BC67C-2119-4AC1-AEF1-603357450AAD} = {693BC67C-2119-4AC1-AEF1-603357450AAD}
		{72C035D5-A87E-4247-98DE-FC834B901D76} = {72C035D5-A87E-4247-98DE-FC834B901D76}
		{74F35C9E-8B42-4FA1-80B1-07AC31C36C57} = {74F35C9E-8B42-4FA1-80B1-07AC31C36C57}
		{ADE65B2B-1891-4ECB-A18E-9BA5EECC3FC6} = {ADE65B2B-1891-4ECB-A18E-9BA5EECC3FC6}
	EndProjectSection
EndProject
Project("{FAE04EC0-301F-11D3-BF4B-00C04F79EFBC}") = "OpenFlowWebServer.Services.Tests.Integration", "..\OpenFlowWebServer.Services.Tests.Integration\OpenFlowWebServer.Services.Tests.Integration.csproj", "{ADE65B2B-1891-4ECB-A18E-9BA5EECC3FC6}"
EndProject
Project("{FAE04EC0-301F-11D3-BF4B-00C04F79EFBC}") = "OpenFlowWebServer.Tests.E2E", "..\OpenFlowWebServer.Tests.E2E\OpenFlowWebServer.Tests.E2E.csproj", "{74F35C9E-8B42-4FA1-80B1-07AC31C36C57}"
EndProject
Project("{FAE04EC0-301F-11D3-BF4B-00C04F79EFBC}") = "OpenFlowWebServer.Enums", "..\OpenFlowWebServer.Enums\OpenFlowWebServer.Enums.csproj", "{38284BCA-E4E7-413A-B0FA-B026167F745F}"
EndProject
Global
	GlobalSection(SolutionConfigurationPlatforms) = preSolution
		Debug|Any CPU = Debug|Any CPU
		Release|Any CPU = Release|Any CPU
	EndGlobalSection
	GlobalSection(ProjectConfigurationPlatforms) = postSolution
		{99E188A7-0304-4855-9D1C-923C6AE4FDCF}.Debug|Any CPU.ActiveCfg = Debug|Any CPU
		{99E188A7-0304-4855-9D1C-923C6AE4FDCF}.Debug|Any CPU.Build.0 = Debug|Any CPU
		{99E188A7-0304-4855-9D1C-923C6AE4FDCF}.Release|Any CPU.ActiveCfg = Release|Any CPU
		{99E188A7-0304-4855-9D1C-923C6AE4FDCF}.Release|Any CPU.Build.0 = Release|Any CPU
		{123BED0F-305A-4E58-B02C-452AB555A593}.Debug|Any CPU.ActiveCfg = Debug|Any CPU
		{123BED0F-305A-4E58-B02C-452AB555A593}.Debug|Any CPU.Build.0 = Debug|Any CPU
		{123BED0F-305A-4E58-B02C-452AB555A593}.Release|Any CPU.ActiveCfg = Release|Any CPU
		{123BED0F-305A-4E58-B02C-452AB555A593}.Release|Any CPU.Build.0 = Release|Any CPU
		{72C035D5-A87E-4247-98DE-FC834B901D76}.Debug|Any CPU.ActiveCfg = Debug|Any CPU
		{72C035D5-A87E-4247-98DE-FC834B901D76}.Debug|Any CPU.Build.0 = Debug|Any CPU
		{72C035D5-A87E-4247-98DE-FC834B901D76}.Release|Any CPU.ActiveCfg = Release|Any CPU
		{72C035D5-A87E-4247-98DE-FC834B901D76}.Release|Any CPU.Build.0 = Release|Any CPU
		{693BC67C-2119-4AC1-AEF1-603357450AAD}.Debug|Any CPU.ActiveCfg = Debug|Any CPU
		{693BC67C-2119-4AC1-AEF1-603357450AAD}.Debug|Any CPU.Build.0 = Debug|Any CPU
		{693BC67C-2119-4AC1-AEF1-603357450AAD}.Release|Any CPU.ActiveCfg = Release|Any CPU
		{693BC67C-2119-4AC1-AEF1-603357450AAD}.Release|Any CPU.Build.0 = Release|Any CPU
		{2540A975-60CE-495B-8953-59E430954FDA}.Debug|Any CPU.ActiveCfg = Debug|Any CPU
		{2540A975-60CE-495B-8953-59E430954FDA}.Debug|Any CPU.Build.0 = Debug|Any CPU
		{2540A975-60CE-495B-8953-59E430954FDA}.Release|Any CPU.ActiveCfg = Release|Any CPU
		{2540A975-60CE-495B-8953-59E430954FDA}.Release|Any CPU.Build.0 = Release|Any CPU
		{25A3A654-0987-2E76-FCD3-A2A196DEF001}.Debug|Any CPU.ActiveCfg = Debug|Any CPU
		{25A3A654-0987-2E76-FCD3-A2A196DEF001}.Debug|Any CPU.Build.0 = Debug|Any CPU
		{25A3A654-0987-2E76-FCD3-A2A196DEF001}.Release|Any CPU.ActiveCfg = Release|Any CPU
		{25A3A654-0987-2E76-FCD3-A2A196DEF001}.Release|Any CPU.Build.0 = Release|Any CPU
		{3CC29B44-2D31-D644-BBED-308F5AA987D1}.Debug|Any CPU.ActiveCfg = Debug|Any CPU
		{3CC29B44-2D31-D644-BBED-308F5AA987D1}.Debug|Any CPU.Build.0 = Debug|Any CPU
		{3CC29B44-2D31-D644-BBED-308F5AA987D1}.Release|Any CPU.ActiveCfg = Release|Any CPU
		{3CC29B44-2D31-D644-BBED-308F5AA987D1}.Release|Any CPU.Build.0 = Release|Any CPU
		{ADE65B2B-1891-4ECB-A18E-9BA5EECC3FC6}.Debug|Any CPU.ActiveCfg = Debug|Any CPU
		{ADE65B2B-1891-4ECB-A18E-9BA5EECC3FC6}.Debug|Any CPU.Build.0 = Debug|Any CPU
		{ADE65B2B-1891-4ECB-A18E-9BA5EECC3FC6}.Release|Any CPU.ActiveCfg = Release|Any CPU
		{ADE65B2B-1891-4ECB-A18E-9BA5EECC3FC6}.Release|Any CPU.Build.0 = Release|Any CPU
		{74F35C9E-8B42-4FA1-80B1-07AC31C36C57}.Debug|Any CPU.ActiveCfg = Debug|Any CPU
		{74F35C9E-8B42-4FA1-80B1-07AC31C36C57}.Debug|Any CPU.Build.0 = Debug|Any CPU
		{74F35C9E-8B42-4FA1-80B1-07AC31C36C57}.Release|Any CPU.ActiveCfg = Release|Any CPU
		{74F35C9E-8B42-4FA1-80B1-07AC31C36C57}.Release|Any CPU.Build.0 = Release|Any CPU
		{38284BCA-E4E7-413A-B0FA-B026167F745F}.Debug|Any CPU.ActiveCfg = Debug|Any CPU
		{38284BCA-E4E7-413A-B0FA-B026167F745F}.Debug|Any CPU.Build.0 = Debug|Any CPU
		{38284BCA-E4E7-413A-B0FA-B026167F745F}.Release|Any CPU.ActiveCfg = Release|Any CPU
		{38284BCA-E4E7-413A-B0FA-B026167F745F}.Release|Any CPU.Build.0 = Release|Any CPU
	EndGlobalSection
	GlobalSection(SolutionProperties) = preSolution
		HideSolutionNode = FALSE
	EndGlobalSection
	GlobalSection(ExtensibilityGlobals) = postSolution
		SolutionGuid = {6065C071-A55B-407A-AA74-DC84FDD21DB2}
	EndGlobalSection
EndGlobal
